
Microsoft Visual Studio Solution File, Format Version 12.00
# Visual Studio Version 17
VisualStudioVersion = 17.5.002.0
MinimumVisualStudioVersion = 10.0.40219.1
Project("{9A19103F-16F7-4668-BE54-9A1E7A4F7556}") = "BankingApp.Lib", "BankingApp.Lib\BankingApp.Lib.csproj", "{355ABAAA-3D8B-420D-A5E0-2C66E6489996}"
EndProject
Project("{9A19103F-16F7-4668-BE54-9A1E7A4F7556}") = "BankingApp.Gui", "BankingApp.Gui\BankingApp.Gui.csproj", "{8BD210DB-A91A-4296-84B1-AB1E52420D3D}"
EndProject
Global
	GlobalSection(SolutionConfigurationPlatforms) = preSolution
		Debug|Any CPU = Debug|Any CPU
		Release|Any CPU = Release|Any CPU
	EndGlobalSection
	GlobalSection(ProjectConfigurationPlatforms) = postSolution
		{355ABAAA-3D8B-420D-A5E0-2C66E6489996}.Debug|Any CPU.ActiveCfg = Debug|Any CPU
		{355ABAAA-3D8B-420D-A5E0-2C66E6489996}.Debug|Any CPU.Build.0 = Debug|Any CPU
		{355ABAAA-3D8B-420D-A5E0-2C66E6489996}.Release|Any CPU.ActiveCfg = Release|Any CPU
		{355ABAAA-3D8B-420D-A5E0-2C66E6489996}.Release|Any CPU.Build.0 = Release|Any CPU
		{8BD210DB-A91A-4296-84B1-AB1E52420D3D}.Debug|Any CPU.ActiveCfg = Debug|Any CPU
		{8BD210DB-A91A-4296-84B1-AB1E52420D3D}.Debug|Any CPU.Build.0 = Debug|Any CPU
		{8BD210DB-A91A-4296-84B1-AB1E52420D3D}.Release|Any CPU.ActiveCfg = Release|Any CPU
		{8BD210DB-A91A-4296-84B1-AB1E52420D3D}.Release|Any CPU.Build.0 = Release|Any CPU
	EndGlobalSection
	GlobalSection(SolutionProperties) = preSolution
		HideSolutionNode = FALSE
	EndGlobalSection
	GlobalSection(ExtensibilityGlobals) = postSolution
		SolutionGuid = {6C082559-A844-4211-83DE-54FE73EBF8C6}
	EndGlobalSection
EndGlobal
